
Microsoft Visual Studio Solution File, Format Version 12.00
# Visual Studio Version 17
VisualStudioVersion = 17.5.33502.453
MinimumVisualStudioVersion = 10.0.40219.1
Project("{FAE04EC0-301F-11D3-BF4B-00C04F79EFBC}") = "WinFormsApp1", "WinFormsApp1\WinFormsApp1.csproj", "{D0A32DF6-2D62-47AE-A035-B6FA9C8564DE}"
EndProject
Global
	GlobalSection(SolutionConfigurationPlatforms) = preSolution
		Debug|Any CPU = Debug|Any CPU
		Release|Any CPU = Release|Any CPU
	EndGlobalSection
	GlobalSection(ProjectConfigurationPlatforms) = postSolution
		{D0A32DF6-2D62-47AE-A035-B6FA9C8564DE}.Debug|Any CPU.ActiveCfg = Debug|Any CPU
		{D0A32DF6-2D62-47AE-A035-B6FA9C8564DE}.Debug|Any CPU.Build.0 = Debug|Any CPU
		{D0A32DF6-2D62-47AE-A035-B6FA9C8564DE}.Release|Any CPU.ActiveCfg = Release|Any CPU
		{D0A32DF6-2D62-47AE-A035-B6FA9C8564DE}.Release|Any CPU.Build.0 = Release|Any CPU
	EndGlobalSection
	GlobalSection(SolutionProperties) = preSolution
		HideSolutionNode = FALSE
	EndGlobalSection
	GlobalSection(ExtensibilityGlobals) = postSolution
		SolutionGuid = {B8405893-363D-4751-82F1-B744AD728A22}
	EndGlobalSection
EndGlobal
